<?xml version="1.0" encoding="utf-8"?>
<Project ToolsVersion="4.0" xmlns="http://schemas.microsoft.com/developer/msbuild/2003">
  <ItemGroup>
    <ClCompile Include="Button.cpp" />
    <ClCompile Include="EngineLib.cpp" />
    <ClCompile Include="GameScene.cpp" />
    <ClCompile Include="Initdx.cpp" />
    <ClCompile Include="Input.cpp" />
    <ClCompile Include="MenuScene.cpp" />
    <ClCompile Include="mesh.cpp" />
    <ClCompile Include="pch.cpp" />
    <ClCompile Include="SceneManager.cpp" />
    <ClCompile Include="shader.cpp" />
    <ClCompile Include="ShapeApp.cpp" />
    <ClCompile Include="Time.cpp" />
    <ClCompile Include="Utils.cpp" />
    <ClCompile Include="..\Game\Component.cpp" />
    <ClCompile Include="Camera.cpp" />
    <ClCompile Include="GameObject.cpp" />
    <ClCompile Include="Transform.cpp" />
  </ItemGroup>
  <ItemGroup>
    <ClInclude Include="Button.h" />
    <ClInclude Include="d3dx12.h" />
    <ClInclude Include="framework.h" />
    <ClInclude Include="GameScene.h" />
    <ClInclude Include="Initdx.h" />
    <ClInclude Include="MenuScene.h" />
    <ClInclude Include="pch.h" />
    <ClInclude Include="Scene.h" />
    <ClInclude Include="SceneManager.h" />
    <ClInclude Include="mesh.h" />
    <ClInclude Include="shader.h" />
    <ClInclude Include="ShapeApp.h" />
    <ClInclude Include="Time.h" />
    <ClInclude Include="uploadbuffer.h" />
    <ClInclude Include="Utils.h" />
    <ClInclude Include="Camera.h" />
    <ClInclude Include="Component.h" />
    <ClInclude Include="Input.h" />
    <ClInclude Include="GameObject.h" />
    <ClInclude Include="Transform.h" />
    <ClInclude Include="Math.h" />
  </ItemGroup>
</Project>